
Microsoft Visual Studio Solution File, Format Version 12.00
# Visual Studio Version 16
VisualStudioVersion = 16.0.33927.289
MinimumVisualStudioVersion = 10.0.40219.1
Project("{8BC9CEB8-8B4A-11D0-8D11-00A0C91BC942}") = "DarkViewer", "DarkViewer.vcxproj", "{A7F8395D-AB6D-4F0F-9CCA-EA833E1CFAB6}"
EndProject
Project("{8BC9CEB8-8B4A-11D0-8D11-00A0C91BC942}") = "DarkEngine", "DarkEngine\DarkEngine.vcxproj", "{4906370E-CB57-4B2B-8AEF-BF2251BE19BF}"
EndProject
Project("{8BC9CEB8-8B4A-11D0-8D11-00A0C91BC942}") = "DarkViewerInstaller", "DarkViewerInstaller\DarkViewerInstaller.vcxproj", "{48393FFC-1FB0-46A1-BAA8-69038CFD0BB5}"
EndProject
Project("{8BC9CEB8-8B4A-11D0-8D11-00A0C91BC942}") = "DarkViewerUninstaller", "DarkViewerUninstaller\DarkViewerUninstaller.vcxproj", "{F3035188-56D6-414E-AE16-783DE85E516C}"
EndProject
Global
	GlobalSection(SolutionConfigurationPlatforms) = preSolution
		Debug|x64 = Debug|x64
		Debug|x86 = Debug|x86
		Release|x64 = Release|x64
		Release|x86 = Release|x86
	EndGlobalSection
	GlobalSection(ProjectConfigurationPlatforms) = postSolution
		{A7F8395D-AB6D-4F0F-9CCA-EA833E1CFAB6}.Debug|x64.ActiveCfg = Debug|x64
		{A7F8395D-AB6D-4F0F-9CCA-EA833E1CFAB6}.Debug|x64.Build.0 = Debug|x64
		{A7F8395D-AB6D-4F0F-9CCA-EA833E1CFAB6}.Debug|x86.ActiveCfg = Debug|Win32
		{A7F8395D-AB6D-4F0F-9CCA-EA833E1CFAB6}.Debug|x86.Build.0 = Debug|Win32
		{A7F8395D-AB6D-4F0F-9CCA-EA833E1CFAB6}.Release|x64.ActiveCfg = Release|x64
		{A7F8395D-AB6D-4F0F-9CCA-EA833E1CFAB6}.Release|x64.Build.0 = Release|x64
		{A7F8395D-AB6D-4F0F-9CCA-EA833E1CFAB6}.Release|x86.ActiveCfg = Release|Win32
		{A7F8395D-AB6D-4F0F-9CCA-EA833E1CFAB6}.Release|x86.Build.0 = Release|Win32
		{4906370E-CB57-4B2B-8AEF-BF2251BE19BF}.Debug|x64.ActiveCfg = Debug|x64
		{4906370E-CB57-4B2B-8AEF-BF2251BE19BF}.Debug|x64.Build.0 = Debug|x64
		{4906370E-CB57-4B2B-8AEF-BF2251BE19BF}.Debug|x86.ActiveCfg = Debug|Win32
		{4906370E-CB57-4B2B-8AEF-BF2251BE19BF}.Debug|x86.Build.0 = Debug|Win32
		{4906370E-CB57-4B2B-8AEF-BF2251BE19BF}.Release|x64.ActiveCfg = Release|x64
		{4906370E-CB57-4B2B-8AEF-BF2251BE19BF}.Release|x64.Build.0 = Release|x64
		{4906370E-CB57-4B2B-8AEF-BF2251BE19BF}.Release|x86.ActiveCfg = Release|Win32
		{4906370E-CB57-4B2B-8AEF-BF2251BE19BF}.Release|x86.Build.0 = Release|Win32
		{48393FFC-1FB0-46A1-BAA8-69038CFD0BB5}.Debug|x64.ActiveCfg = Debug|x64
		{48393FFC-1FB0-46A1-BAA8-69038CFD0BB5}.Debug|x64.Build.0 = Debug|x64
		{48393FFC-1FB0-46A1-BAA8-69038CFD0BB5}.Debug|x86.ActiveCfg = Debug|Win32
		{48393FFC-1FB0-46A1-BAA8-69038CFD0BB5}.Debug|x86.Build.0 = Debug|Win32
		{48393FFC-1FB0-46A1-BAA8-69038CFD0BB5}.Release|x64.ActiveCfg = Release|x64
		{48393FFC-1FB0-46A1-BAA8-69038CFD0BB5}.Release|x64.Build.0 = Release|x64
		{48393FFC-1FB0-46A1-BAA8-69038CFD0BB5}.Release|x86.ActiveCfg = Release|Win32
		{48393FFC-1FB0-46A1-BAA8-69038CFD0BB5}.Release|x86.Build.0 = Release|Win32
		{F3035188-56D6-414E-AE16-783DE85E516C}.Debug|x64.ActiveCfg = Debug|x64
		{F3035188-56D6-414E-AE16-783DE85E516C}.Debug|x64.Build.0 = Debug|x64
		{F3035188-56D6-414E-AE16-783DE85E516C}.Debug|x86.ActiveCfg = Debug|Win32
		{F3035188-56D6-414E-AE16-783DE85E516C}.Debug|x86.Build.0 = Debug|Win32
		{F3035188-56D6-414E-AE16-783DE85E516C}.Release|x64.ActiveCfg = Release|x64
		{F3035188-56D6-414E-AE16-783DE85E516C}.Release|x64.Build.0 = Release|x64
		{F3035188-56D6-414E-AE16-783DE85E516C}.Release|x86.ActiveCfg = Release|Win32
		{F3035188-56D6-414E-AE16-783DE85E516C}.Release|x86.Build.0 = Release|Win32
	EndGlobalSection
	GlobalSection(SolutionProperties) = preSolution
		HideSolutionNode = FALSE
	EndGlobalSection
	GlobalSection(ExtensibilityGlobals) = postSolution
		SolutionGuid = {049F08F6-61DB-49A1-8F6A-049309777646}
	EndGlobalSection
EndGlobal
